
Microsoft Visual Studio Solution File, Format Version 11.00
# Visual C# Express 2010
Project("{FAE04EC0-301F-11D3-BF4B-00C04F79EFBC}") = "1SA_2SE_Stojanov_Robert", "1SA_2SE_Stojanov_Robert.csproj", "{948F7424-F977-42E9-8D7D-C1FD0518C8FD}"
EndProject
Global
	GlobalSection(SolutionConfigurationPlatforms) = preSolution
		Debug|x86 = Debug|x86
		Release|x86 = Release|x86
	EndGlobalSection
	GlobalSection(ProjectConfigurationPlatforms) = postSolution
		{948F7424-F977-42E9-8D7D-C1FD0518C8FD}.Debug|x86.ActiveCfg = Debug|x86
		{948F7424-F977-42E9-8D7D-C1FD0518C8FD}.Debug|x86.Build.0 = Debug|x86
		{948F7424-F977-42E9-8D7D-C1FD0518C8FD}.Release|x86.ActiveCfg = Release|x86
		{948F7424-F977-42E9-8D7D-C1FD0518C8FD}.Release|x86.Build.0 = Release|x86
	EndGlobalSection
	GlobalSection(SolutionProperties) = preSolution
		HideSolutionNode = FALSE
	EndGlobalSection
EndGlobal
